# THIS IS AN AUTOGENERATED FILE. DO NOT EDIT THIS FILE DIRECTLY.
# yarn lockfile v1


wanakana@^4.0.2:
  version "4.0.2"
  resolved "https://registry.yarnpkg.com/wanakana/-/wanakana-4.0.2.tgz#a7d60186724a56fd50e6e9c224628c09294901d8"
  integrity sha512-lBFtnLJhTpp5wQBdH7TrOHhLxqmUabAfL86plNN8+iffyhosjZyx+kkO8KEBGR8zWH5nxSQ67oyx3W/lcEC8sg==
